// !$*UTF8*$!
{
	archiveVersion = 1;
	classes = {
	};
	objectVersion = 46;
	objects = {

/* Begin PBXBuildFile section */
		8461151B1D39CF8600FD427C /* AppDelegate.swift in Sources */ = {isa = PBXBuildFile; fileRef = 8461151A1D39CF8600FD427C /* AppDelegate.swift */; };
		8461151D1D39CF8600FD427C /* ViewController.swift in Sources */ = {isa = PBXBuildFile; fileRef = 8461151C1D39CF8600FD427C /* ViewController.swift */; };
		846115201D39CF8600FD427C /* Main.storyboard in Resources */ = {isa = PBXBuildFile; fileRef = 8461151E1D39CF8600FD427C /* Main.storyboard */; };
		846115221D39CF8600FD427C /* Assets.xcassets in Resources */ = {isa = PBXBuildFile; fileRef = 846115211D39CF8600FD427C /* Assets.xcassets */; };
		846115251D39CF8600FD427C /* LaunchScreen.storyboard in Resources */ = {isa = PBXBuildFile; fileRef = 846115231D39CF8600FD427C /* LaunchScreen.storyboard */; };
		846115301D39CF8700FD427C /* mustangTests.swift in Sources */ = {isa = PBXBuildFile; fileRef = 8461152F1D39CF8700FD427C /* mustangTests.swift */; };
		8461153B1D39CF8700FD427C /* mustangUITests.swift in Sources */ = {isa = PBXBuildFile; fileRef = 8461153A1D39CF8700FD427C /* mustangUITests.swift */; };
/* End PBXBuildFile section */

/* Begin PBXContainerItemProxy section */
		8461152C1D39CF8700FD427C /* PBXContainerItemProxy */ = {
			isa = PBXContainerItemProxy;
			containerPortal = 8461150F1D39CF8600FD427C /* Project object */;
			proxyType = 1;
			remoteGlobalIDString = 846115161D39CF8600FD427C;
			remoteInfo = mustang;
		};
		846115371D39CF8700FD427C /* PBXContainerItemProxy */ = {
			isa = PBXContainerItemProxy;
			containerPortal = 8461150F1D39CF8600FD427C /* Project object */;
			proxyType = 1;
			remoteGlobalIDString = 846115161D39CF8600FD427C;
			remoteInfo = mustang;
		};
/* End PBXContainerItemProxy section */

/* Begin PBXFileReference section */
		846115171D39CF8600FD427C /* mustang.app */ = {isa = PBXFileReference; explicitFileType = wrapper.application; includeInIndex = 0; path = mustang.app; sourceTree = BUILT_PRODUCTS_DIR; };
		8461151A1D39CF8600FD427C /* AppDelegate.swift */ = {isa = PBXFileReference; lastKnownFileType = sourcecode.swift; path = AppDelegate.swift; sourceTree = "<group>"; };
		8461151C1D39CF8600FD427C /* ViewController.swift */ = {isa = PBXFileReference; lastKnownFileType = sourcecode.swift; path = ViewController.swift; sourceTree = "<group>"; };
		8461151F1D39CF8600FD427C /* Base */ = {isa = PBXFileReference; lastKnownFileType = file.storyboard; name = Base; path = Base.lproj/Main.storyboard; sourceTree = "<group>"; };
		846115211D39CF8600FD427C /* Assets.xcassets */ = {isa = PBXFileReference; lastKnownFileType = folder.assetcatalog; path = Assets.xcassets; sourceTree = "<group>"; };
		846115241D39CF8600FD427C /* Base */ = {isa = PBXFileReference; lastKnownFileType = file.storyboard; name = Base; path = Base.lproj/LaunchScreen.storyboard; sourceTree = "<group>"; };
		846115261D39CF8600FD427C /* Info.plist */ = {isa = PBXFileReference; lastKnownFileType = text.plist.xml; path = Info.plist; sourceTree = "<group>"; };
		8461152B1D39CF8700FD427C /* mustangTests.xctest */ = {isa = PBXFileReference; explicitFileType = wrapper.cfbundle; includeInIndex = 0; path = mustangTests.xctest; sourceTree = BUILT_PRODUCTS_DIR; };
		8461152F1D39CF8700FD427C /* mustangTests.swift */ = {isa = PBXFileReference; lastKnownFileType = sourcecode.swift; path = mustangTests.swift; sourceTree = "<group>"; };
		846115311D39CF8700FD427C /* Info.plist */ = {isa = PBXFileReference; lastKnownFileType = text.plist.xml; path = Info.plist; sourceTree = "<group>"; };
		846115361D39CF8700FD427C /* mustangUITests.xctest */ = {isa = PBXFileReference; explicitFileType = wrapper.cfbundle; includeInIndex = 0; path = mustangUITests.xctest; sourceTree = BUILT_PRODUCTS_DIR; };
		8461153A1D39CF8700FD427C /* mustangUITests.swift */ = {isa = PBXFileReference; lastKnownFileType = sourcecode.swift; path = mustangUITests.swift; sourceTree = "<group>"; };
		8461153C1D39CF8700FD427C /* Info.plist */ = {isa = PBXFileReference; lastKnownFileType = text.plist.xml; path = Info.plist; sourceTree = "<group>"; };
/* End PBXFileReference section */

/* Begin PBXFrameworksBuildPhase section */
		846115141D39CF8600FD427C /* Frameworks */ = {
			isa = PBXFrameworksBuildPhase;
			buildActionMask = 2147483647;
			files = (
			);
			runOnlyForDeploymentPostprocessing = 0;
		};
		846115281D39CF8700FD427C /* Frameworks */ = {
			isa = PBXFrameworksBuildPhase;
			buildActionMask = 2147483647;
			files = (
			);
			runOnlyForDeploymentPostprocessing = 0;
		};
		846115331D39CF8700FD427C /* Frameworks */ = {
			isa = PBXFrameworksBuildPhase;
			buildActionMask = 2147483647;
			files = (
			);
			runOnlyForDeploymentPostprocessing = 0;
		};
/* End PBXFrameworksBuildPhase section */

/* Begin PBXGroup section */
		8461150E1D39CF8600FD427C = {
			isa = PBXGroup;
			children = (
				846115191D39CF8600FD427C /* mustang */,
				8461152E1D39CF8700FD427C /* mustangTests */,
				846115391D39CF8700FD427C /* mustangUITests */,
				846115181D39CF8600FD427C /* Products */,
			);
			sourceTree = "<group>";
		};
		846115181D39CF8600FD427C /* Products */ = {
			isa = PBXGroup;
			children = (
				846115171D39CF8600FD427C /* mustang.app */,
				8461152B1D39CF8700FD427C /* mustangTests.xctest */,
				846115361D39CF8700FD427C /* mustangUITests.xctest */,
			);
			name = Products;
			sourceTree = "<group>";
		};
		846115191D39CF8600FD427C /* mustang */ = {
			isa = PBXGroup;
			children = (
				8461151A1D39CF8600FD427C /* AppDelegate.swift */,
				8461151C1D39CF8600FD427C /* ViewController.swift */,
				8461151E1D39CF8600FD427C /* Main.storyboard */,
				846115211D39CF8600FD427C /* Assets.xcassets */,
				846115231D39CF8600FD427C /* LaunchScreen.storyboard */,
				846115261D39CF8600FD427C /* Info.plist */,
			);
			path = mustang;
			sourceTree = "<group>";
		};
		8461152E1D39CF8700FD427C /* mustangTests */ = {
			isa = PBXGroup;
			children = (
				8461152F1D39CF8700FD427C /* mustangTests.swift */,
				846115311D39CF8700FD427C /* Info.plist */,
			);
			path = mustangTests;
			sourceTree = "<group>";
		};
		846115391D39CF8700FD427C /* mustangUITests */ = {
			isa = PBXGroup;
			children = (
				8461153A1D39CF8700FD427C /* mustangUITests.swift */,
				8461153C1D39CF8700FD427C /* Info.plist */,
			);
			path = mustangUITests;
			sourceTree = "<group>";
		};
/* End PBXGroup section */

/* Begin PBXNativeTarget section */
		846115161D39CF8600FD427C /* mustang */ = {
			isa = PBXNativeTarget;
			buildConfigurationList = 8461153F1D39CF8700FD427C /* Build configuration list for PBXNativeTarget "mustang" */;
			buildPhases = (
				846115131D39CF8600FD427C /* Sources */,
				846115141D39CF8600FD427C /* Frameworks */,
				846115151D39CF8600FD427C /* Resources */,
			);
			buildRules = (
			);
			dependencies = (
			);
			name = mustang;
			productName = mustang;
			productReference = 846115171D39CF8600FD427C /* mustang.app */;
			productType = "com.apple.product-type.application";
		};
		8461152A1D39CF8700FD427C /* mustangTests */ = {
			isa = PBXNativeTarget;
			buildConfigurationList = 846115421D39CF8700FD427C /* Build configuration list for PBXNativeTarget "mustangTests" */;
			buildPhases = (
				846115271D39CF8700FD427C /* Sources */,
				846115281D39CF8700FD427C /* Frameworks */,
				846115291D39CF8700FD427C /* Resources */,
			);
			buildRules = (
			);
			dependencies = (
				8461152D1D39CF8700FD427C /* PBXTargetDependency */,
			);
			name = mustangTests;
			productName = mustangTests;
			productReference = 8461152B1D39CF8700FD427C /* mustangTests.xctest */;
			productType = "com.apple.product-type.bundle.unit-test";
		};
		846115351D39CF8700FD427C /* mustangUITests */ = {
			isa = PBXNativeTarget;
			buildConfigurationList = 846115451D39CF8700FD427C /* Build configuration list for PBXNativeTarget "mustangUITests" */;
			buildPhases = (
				846115321D39CF8700FD427C /* Sources */,
				846115331D39CF8700FD427C /* Frameworks */,
				846115341D39CF8700FD427C /* Resources */,
			);
			buildRules = (
			);
			dependencies = (
				846115381D39CF8700FD427C /* PBXTargetDependency */,
			);
			name = mustangUITests;
			productName = mustangUITests;
			productReference = 846115361D39CF8700FD427C /* mustangUITests.xctest */;
			productType = "com.apple.product-type.bundle.ui-testing";
		};
/* End PBXNativeTarget section */

/* Begin PBXProject section */
		8461150F1D39CF8600FD427C /* Project object */ = {
			isa = PBXProject;
			attributes = {
				LastSwiftUpdateCheck = 0730;
				LastUpgradeCheck = 0730;
				ORGANIZATIONNAME = artmanager;
				TargetAttributes = {
					846115161D39CF8600FD427C = {
						CreatedOnToolsVersion = 7.3.1;
					};
					8461152A1D39CF8700FD427C = {
						CreatedOnToolsVersion = 7.3.1;
						TestTargetID = 846115161D39CF8600FD427C;
					};
					846115351D39CF8700FD427C = {
						CreatedOnToolsVersion = 7.3.1;
						TestTargetID = 846115161D39CF8600FD427C;
					};
				};
			};
			buildConfigurationList = 846115121D39CF8600FD427C /* Build configuration list for PBXProject "mustang" */;
			compatibilityVersion = "Xcode 3.2";
			developmentRegion = English;
			hasScannedForEncodings = 0;
			knownRegions = (
				en,
				Base,
			);
			mainGroup = 8461150E1D39CF8600FD427C;
			productRefGroup = 846115181D39CF8600FD427C /* Products */;
			projectDirPath = "";
			projectRoot = "";
			targets = (
				846115161D39CF8600FD427C /* mustang */,
				8461152A1D39CF8700FD427C /* mustangTests */,
				846115351D39CF8700FD427C /* mustangUITests */,
			);
		};
/* End PBXProject section */

/* Begin PBXResourcesBuildPhase section */
		846115151D39CF8600FD427C /* Resources */ = {
			isa = PBXResourcesBuildPhase;
			buildActionMask = 2147483647;
			files = (
				846115251D39CF8600FD427C /* LaunchScreen.storyboard in Resources */,
				846115221D39CF8600FD427C /* Assets.xcassets in Resources */,
				846115201D39CF8600FD427C /* Main.storyboard in Resources */,
			);
			runOnlyForDeploymentPostprocessing = 0;
		};
		846115291D39CF8700FD427C /* Resources */ = {
			isa = PBXResourcesBuildPhase;
			buildActionMask = 2147483647;
			files = (
			);
			runOnlyForDeploymentPostprocessing = 0;
		};
		846115341D39CF8700FD427C /* Resources */ = {
			isa = PBXResourcesBuildPhase;
			buildActionMask = 2147483647;
			files = (
			);
			runOnlyForDeploymentPostprocessing = 0;
		};
/* End PBXResourcesBuildPhase section */

/* Begin PBXSourcesBuildPhase section */
		846115131D39CF8600FD427C /* Sources */ = {
			isa = PBXSourcesBuildPhase;
			buildActionMask = 2147483647;
			files = (
				8461151D1D39CF8600FD427C /* ViewController.swift in Sources */,
				8461151B1D39CF8600FD427C /* AppDelegate.swift in Sources */,
			);
			runOnlyForDeploymentPostprocessing = 0;
		};
		846115271D39CF8700FD427C /* Sources */ = {
			isa = PBXSourcesBuildPhase;
			buildActionMask = 2147483647;
			files = (
				846115301D39CF8700FD427C /* mustangTests.swift in Sources */,
			);
			runOnlyForDeploymentPostprocessing = 0;
		};
		846115321D39CF8700FD427C /* Sources */ = {
			isa = PBXSourcesBuildPhase;
			buildActionMask = 2147483647;
			files = (
				8461153B1D39CF8700FD427C /* mustangUITests.swift in Sources */,
			);
			runOnlyForDeploymentPostprocessing = 0;
		};
/* End PBXSourcesBuildPhase section */

/* Begin PBXTargetDependency section */
		8461152D1D39CF8700FD427C /* PBXTargetDependency */ = {
			isa = PBXTargetDependency;
			target = 846115161D39CF8600FD427C /* mustang */;
			targetProxy = 8461152C1D39CF8700FD427C /* PBXContainerItemProxy */;
		};
		846115381D39CF8700FD427C /* PBXTargetDependency */ = {
			isa = PBXTargetDependency;
			target = 846115161D39CF8600FD427C /* mustang */;
			targetProxy = 846115371D39CF8700FD427C /* PBXContainerItemProxy */;
		};
/* End PBXTargetDependency section */

/* Begin PBXVariantGroup section */
		8461151E1D39CF8600FD427C /* Main.storyboard */ = {
			isa = PBXVariantGroup;
			children = (
				8461151F1D39CF8600FD427C /* Base */,
			);
			name = Main.storyboard;
			sourceTree = "<group>";
		};
		846115231D39CF8600FD427C /* LaunchScreen.storyboard */ = {
			isa = PBXVariantGroup;
			children = (
				846115241D39CF8600FD427C /* Base */,
			);
			name = LaunchScreen.storyboard;
			sourceTree = "<group>";
		};
/* End PBXVariantGroup section */

/* Begin XCBuildConfiguration section */
		8461153D1D39CF8700FD427C /* Debug */ = {
			isa = XCBuildConfiguration;
			buildSettings = {
				ALWAYS_SEARCH_USER_PATHS = NO;
				CLANG_ANALYZER_NONNULL = YES;
				CLANG_CXX_LANGUAGE_STANDARD = "gnu++0x";
				CLANG_CXX_LIBRARY = "libc++";
				CLANG_ENABLE_MODULES = YES;
				CLANG_ENABLE_OBJC_ARC = YES;
				CLANG_WARN_BOOL_CONVERSION = YES;
				CLANG_WARN_CONSTANT_CONVERSION = YES;
				CLANG_WARN_DIRECT_OBJC_ISA_USAGE = YES_ERROR;
				CLANG_WARN_EMPTY_BODY = YES;
				CLANG_WARN_ENUM_CONVERSION = YES;
				CLANG_WARN_INT_CONVERSION = YES;
				CLANG_WARN_OBJC_ROOT_CLASS = YES_ERROR;
				CLANG_WARN_UNREACHABLE_CODE = YES;
				CLANG_WARN__DUPLICATE_METHOD_MATCH = YES;
				"CODE_SIGN_IDENTITY[sdk=iphoneos*]" = "iPhone Developer";
				COPY_PHASE_STRIP = NO;
				DEBUG_INFORMATION_FORMAT = dwarf;
				ENABLE_STRICT_OBJC_MSGSEND = YES;
				ENABLE_TESTABILITY = YES;
				GCC_C_LANGUAGE_STANDARD = gnu99;
				GCC_DYNAMIC_NO_PIC = NO;
				GCC_NO_COMMON_BLOCKS = YES;
				GCC_OPTIMIZATION_LEVEL = 0;
				GCC_PREPROCESSOR_DEFINITIONS = (
					"DEBUG=1",
					"$(inherited)",
				);
				GCC_WARN_64_TO_32_BIT_CONVERSION = YES;
				GCC_WARN_ABOUT_RETURN_TYPE = YES_ERROR;
				GCC_WARN_UNDECLARED_SELECTOR = YES;
				GCC_WARN_UNINITIALIZED_AUTOS = YES_AGGRESSIVE;
				GCC_WARN_UNUSED_FUNCTION = YES;
				GCC_WARN_UNUSED_VARIABLE = YES;
				IPHONEOS_DEPLOYMENT_TARGET = 9.3;
				MTL_ENABLE_DEBUG_INFO = YES;
				ONLY_ACTIVE_ARCH = YES;
				SDKROOT = iphoneos;
				SWIFT_OPTIMIZATION_LEVEL = "-Onone";
				TARGETED_DEVICE_FAMILY = "1,2";
			};
			name = Debug;
		};
		8461153E1D39CF8700FD427C /* Release */ = {
			isa = XCBuildConfiguration;
			buildSettings = {
				ALWAYS_SEARCH_USER_PATHS = NO;
				CLANG_ANALYZER_NONNULL = YES;
				CLANG_CXX_LANGUAGE_STANDARD = "gnu++0x";
				CLANG_CXX_LIBRARY = "libc++";
				CLANG_ENABLE_MODULES = YES;
				CLANG_ENABLE_OBJC_ARC = YES;
				CLANG_WARN_BOOL_CONVERSION = YES;
				CLANG_WARN_CONSTANT_CONVERSION = YES;
				CLANG_WARN_DIRECT_OBJC_ISA_USAGE = YES_ERROR;
				CLANG_WARN_EMPTY_BODY = YES;
				CLANG_WARN_ENUM_CONVERSION = YES;
				CLANG_WARN_INT_CONVERSION = YES;
				CLANG_WARN_OBJC_ROOT_CLASS = YES_ERROR;
				CLANG_WARN_UNREACHABLE_CODE = YES;
				CLANG_WARN__DUPLICATE_METHOD_MATCH = YES;
				"CODE_SIGN_IDENTITY[sdk=iphoneos*]" = "iPhone Developer";
				COPY_PHASE_STRIP = NO;
				DEBUG_INFORMATION_FORMAT = "dwarf-with-dsym";
				ENABLE_NS_ASSERTIONS = NO;
				ENABLE_STRICT_OBJC_MSGSEND = YES;
				GCC_C_LANGUAGE_STANDARD = gnu99;
				GCC_NO_COMMON_BLOCKS = YES;
				GCC_WARN_64_TO_32_BIT_CONVERSION = YES;
				GCC_WARN_ABOUT_RETURN_TYPE = YES_ERROR;
				GCC_WARN_UNDECLARED_SELECTOR = YES;
				GCC_WARN_UNINITIALIZED_AUTOS = YES_AGGRESSIVE;
				GCC_WARN_UNUSED_FUNCTION = YES;
				GCC_WARN_UNUSED_VARIABLE = YES;
				IPHONEOS_DEPLOYMENT_TARGET = 9.3;
				MTL_ENABLE_DEBUG_INFO = NO;
				SDKROOT = iphoneos;
				TARGETED_DEVICE_FAMILY = "1,2";
				VALIDATE_PRODUCT = YES;
			};
			name = Release;
		};
		846115401D39CF8700FD427C /* Debug */ = {
			isa = XCBuildConfiguration;
			buildSettings = {
				ASSETCATALOG_COMPILER_APPICON_NAME = AppIcon;
				INFOPLIST_FILE = mustang/Info.plist;
				LD_RUNPATH_SEARCH_PATHS = "$(inherited) @executable_path/Frameworks";
				PRODUCT_BUNDLE_IDENTIFIER = br.com.artmanager.mustang;
				PRODUCT_NAME = "$(TARGET_NAME)";
			};
			name = Debug;
		};
		846115411D39CF8700FD427C /* Release */ = {
			isa = XCBuildConfiguration;
			buildSettings = {
				ASSETCATALOG_COMPILER_APPICON_NAME = AppIcon;
				INFOPLIST_FILE = mustang/Info.plist;
				LD_RUNPATH_SEARCH_PATHS = "$(inherited) @executable_path/Frameworks";
				PRODUCT_BUNDLE_IDENTIFIER = br.com.artmanager.mustang;
				PRODUCT_NAME = "$(TARGET_NAME)";
			};
			name = Release;
		};
		846115431D39CF8700FD427C /* Debug */ = {
			isa = XCBuildConfiguration;
			buildSettings = {
				BUNDLE_LOADER = "$(TEST_HOST)";
				INFOPLIST_FILE = mustangTests/Info.plist;
				LD_RUNPATH_SEARCH_PATHS = "$(inherited) @executable_path/Frameworks @loader_path/Frameworks";
				PRODUCT_BUNDLE_IDENTIFIER = br.com.artmanager.mustangTests;
				PRODUCT_NAME = "$(TARGET_NAME)";
				TEST_HOST = "$(BUILT_PRODUCTS_DIR)/mustang.app/mustang";
			};
			name = Debug;
		};
		846115441D39CF8700FD427C /* Release */ = {
			isa = XCBuildConfiguration;
			buildSettings = {
				BUNDLE_LOADER = "$(TEST_HOST)";
				INFOPLIST_FILE = mustangTests/Info.plist;
				LD_RUNPATH_SEARCH_PATHS = "$(inherited) @executable_path/Frameworks @loader_path/Frameworks";
				PRODUCT_BUNDLE_IDENTIFIER = br.com.artmanager.mustangTests;
				PRODUCT_NAME = "$(TARGET_NAME)";
				TEST_HOST = "$(BUILT_PRODUCTS_DIR)/mustang.app/mustang";
			};
			name = Release;
		};
		846115461D39CF8700FD427C /* Debug */ = {
			isa = XCBuildConfiguration;
			buildSettings = {
				INFOPLIST_FILE = mustangUITests/Info.plist;
				LD_RUNPATH_SEARCH_PATHS = "$(inherited) @executable_path/Frameworks @loader_path/Frameworks";
				PRODUCT_BUNDLE_IDENTIFIER = br.com.artmanager.mustangUITests;
				PRODUCT_NAME = "$(TARGET_NAME)";
				TEST_TARGET_NAME = mustang;
			};
			name = Debug;
		};
		846115471D39CF8700FD427C /* Release */ = {
			isa = XCBuildConfiguration;
			buildSettings = {
				INFOPLIST_FILE = mustangUITests/Info.plist;
				LD_RUNPATH_SEARCH_PATHS = "$(inherited) @executable_path/Frameworks @loader_path/Frameworks";
				PRODUCT_BUNDLE_IDENTIFIER = br.com.artmanager.mustangUITests;
				PRODUCT_NAME = "$(TARGET_NAME)";
				TEST_TARGET_NAME = mustang;
			};
			name = Release;
		};
/* End XCBuildConfiguration section */

/* Begin XCConfigurationList section */
		846115121D39CF8600FD427C /* Build configuration list for PBXProject "mustang" */ = {
			isa = XCConfigurationList;
			buildConfigurations = (
				8461153D1D39CF8700FD427C /* Debug */,
				8461153E1D39CF8700FD427C /* Release */,
			);
			defaultConfigurationIsVisible = 0;
			defaultConfigurationName = Release;
		};
		8461153F1D39CF8700FD427C /* Build configuration list for PBXNativeTarget "mustang" */ = {
			isa = XCConfigurationList;
			buildConfigurations = (
				846115401D39CF8700FD427C /* Debug */,
				846115411D39CF8700FD427C /* Release */,
			);
			defaultConfigurationIsVisible = 0;
		};
		846115421D39CF8700FD427C /* Build configuration list for PBXNativeTarget "mustangTests" */ = {
			isa = XCConfigurationList;
			buildConfigurations = (
				846115431D39CF8700FD427C /* Debug */,
				846115441D39CF8700FD427C /* Release */,
			);
			defaultConfigurationIsVisible = 0;
		};
		846115451D39CF8700FD427C /* Build configuration list for PBXNativeTarget "mustangUITests" */ = {
			isa = XCConfigurationList;
			buildConfigurations = (
				846115461D39CF8700FD427C /* Debug */,
				846115471D39CF8700FD427C /* Release */,
			);
			defaultConfigurationIsVisible = 0;
		};
/* End XCConfigurationList section */
	};
	rootObject = 8461150F1D39CF8600FD427C /* Project object */;
}
